
Microsoft Visual Studio Solution File, Format Version 12.00
# Visual Studio Version 16
VisualStudioVersion = 16.0.31729.503
MinimumVisualStudioVersion = 10.0.40219.1
Project("{F2A71F9B-5D33-465A-A702-920D77279786}") = "Task_12", "Task_12\Task_12.fsproj", "{463A8189-7ED0-4A4B-AB50-07FCF5F4B008}"
EndProject
Global
	GlobalSection(SolutionConfigurationPlatforms) = preSolution
		Debug|Any CPU = Debug|Any CPU
		Release|Any CPU = Release|Any CPU
	EndGlobalSection
	GlobalSection(ProjectConfigurationPlatforms) = postSolution
		{463A8189-7ED0-4A4B-AB50-07FCF5F4B008}.Debug|Any CPU.ActiveCfg = Debug|Any CPU
		{463A8189-7ED0-4A4B-AB50-07FCF5F4B008}.Debug|Any CPU.Build.0 = Debug|Any CPU
		{463A8189-7ED0-4A4B-AB50-07FCF5F4B008}.Release|Any CPU.ActiveCfg = Release|Any CPU
		{463A8189-7ED0-4A4B-AB50-07FCF5F4B008}.Release|Any CPU.Build.0 = Release|Any CPU
	EndGlobalSection
	GlobalSection(SolutionProperties) = preSolution
		HideSolutionNode = FALSE
	EndGlobalSection
	GlobalSection(ExtensibilityGlobals) = postSolution
		SolutionGuid = {F54B302C-1A3C-4C31-984B-B4C1FA0C1E50}
	EndGlobalSection
EndGlobal
