
Microsoft Visual Studio Solution File, Format Version 12.00
# Visual Studio Version 16
VisualStudioVersion = 16.0.31729.503
MinimumVisualStudioVersion = 10.0.40219.1
Project("{FAE04EC0-301F-11D3-BF4B-00C04F79EFBC}") = "Task_10", "Task_10\Task_10.csproj", "{CA8380F1-FD8F-47CF-B34F-0A97E839BEF5}"
EndProject
Global
	GlobalSection(SolutionConfigurationPlatforms) = preSolution
		Debug|Any CPU = Debug|Any CPU
		Release|Any CPU = Release|Any CPU
	EndGlobalSection
	GlobalSection(ProjectConfigurationPlatforms) = postSolution
		{CA8380F1-FD8F-47CF-B34F-0A97E839BEF5}.Debug|Any CPU.ActiveCfg = Debug|Any CPU
		{CA8380F1-FD8F-47CF-B34F-0A97E839BEF5}.Debug|Any CPU.Build.0 = Debug|Any CPU
		{CA8380F1-FD8F-47CF-B34F-0A97E839BEF5}.Release|Any CPU.ActiveCfg = Release|Any CPU
		{CA8380F1-FD8F-47CF-B34F-0A97E839BEF5}.Release|Any CPU.Build.0 = Release|Any CPU
	EndGlobalSection
	GlobalSection(SolutionProperties) = preSolution
		HideSolutionNode = FALSE
	EndGlobalSection
	GlobalSection(ExtensibilityGlobals) = postSolution
		SolutionGuid = {B9FDC22B-C808-43E4-B097-40D7F10E335B}
	EndGlobalSection
EndGlobal
