
Microsoft Visual Studio Solution File, Format Version 12.00
# Visual Studio Version 16
VisualStudioVersion = 16.0.31729.503
MinimumVisualStudioVersion = 10.0.40219.1
Project("{FAE04EC0-301F-11D3-BF4B-00C04F79EFBC}") = "Task_8", "Task_8\Task_8.csproj", "{4EB712AA-9E8E-4085-B48C-E9199B2262BE}"
EndProject
Global
	GlobalSection(SolutionConfigurationPlatforms) = preSolution
		Debug|Any CPU = Debug|Any CPU
		Release|Any CPU = Release|Any CPU
	EndGlobalSection
	GlobalSection(ProjectConfigurationPlatforms) = postSolution
		{4EB712AA-9E8E-4085-B48C-E9199B2262BE}.Debug|Any CPU.ActiveCfg = Debug|Any CPU
		{4EB712AA-9E8E-4085-B48C-E9199B2262BE}.Debug|Any CPU.Build.0 = Debug|Any CPU
		{4EB712AA-9E8E-4085-B48C-E9199B2262BE}.Release|Any CPU.ActiveCfg = Release|Any CPU
		{4EB712AA-9E8E-4085-B48C-E9199B2262BE}.Release|Any CPU.Build.0 = Release|Any CPU
	EndGlobalSection
	GlobalSection(SolutionProperties) = preSolution
		HideSolutionNode = FALSE
	EndGlobalSection
	GlobalSection(ExtensibilityGlobals) = postSolution
		SolutionGuid = {8517679B-C75F-4755-95DB-8A7CD9DAFD79}
	EndGlobalSection
EndGlobal
