
Microsoft Visual Studio Solution File, Format Version 12.00
# Visual Studio Version 16
VisualStudioVersion = 16.0.31729.503
MinimumVisualStudioVersion = 10.0.40219.1
Project("{FAE04EC0-301F-11D3-BF4B-00C04F79EFBC}") = "Task_44", "Task_44\Task_44.csproj", "{4F54EA4E-B059-418E-BD67-EF3B81F2F8B6}"
EndProject
Global
	GlobalSection(SolutionConfigurationPlatforms) = preSolution
		Debug|Any CPU = Debug|Any CPU
		Release|Any CPU = Release|Any CPU
	EndGlobalSection
	GlobalSection(ProjectConfigurationPlatforms) = postSolution
		{4F54EA4E-B059-418E-BD67-EF3B81F2F8B6}.Debug|Any CPU.ActiveCfg = Debug|Any CPU
		{4F54EA4E-B059-418E-BD67-EF3B81F2F8B6}.Debug|Any CPU.Build.0 = Debug|Any CPU
		{4F54EA4E-B059-418E-BD67-EF3B81F2F8B6}.Release|Any CPU.ActiveCfg = Release|Any CPU
		{4F54EA4E-B059-418E-BD67-EF3B81F2F8B6}.Release|Any CPU.Build.0 = Release|Any CPU
	EndGlobalSection
	GlobalSection(SolutionProperties) = preSolution
		HideSolutionNode = FALSE
	EndGlobalSection
	GlobalSection(ExtensibilityGlobals) = postSolution
		SolutionGuid = {5799A89A-006B-4C08-9FAB-308200770FA0}
	EndGlobalSection
EndGlobal
