
Microsoft Visual Studio Solution File, Format Version 12.00
# Visual Studio Version 16
VisualStudioVersion = 16.0.31729.503
MinimumVisualStudioVersion = 10.0.40219.1
Project("{F2A71F9B-5D33-465A-A702-920D77279786}") = "Task_46", "Task_46\Task_46.fsproj", "{55EA2A36-FB11-4306-82EF-ACF2F855503F}"
EndProject
Global
	GlobalSection(SolutionConfigurationPlatforms) = preSolution
		Debug|Any CPU = Debug|Any CPU
		Release|Any CPU = Release|Any CPU
	EndGlobalSection
	GlobalSection(ProjectConfigurationPlatforms) = postSolution
		{55EA2A36-FB11-4306-82EF-ACF2F855503F}.Debug|Any CPU.ActiveCfg = Debug|Any CPU
		{55EA2A36-FB11-4306-82EF-ACF2F855503F}.Debug|Any CPU.Build.0 = Debug|Any CPU
		{55EA2A36-FB11-4306-82EF-ACF2F855503F}.Release|Any CPU.ActiveCfg = Release|Any CPU
		{55EA2A36-FB11-4306-82EF-ACF2F855503F}.Release|Any CPU.Build.0 = Release|Any CPU
	EndGlobalSection
	GlobalSection(SolutionProperties) = preSolution
		HideSolutionNode = FALSE
	EndGlobalSection
	GlobalSection(ExtensibilityGlobals) = postSolution
		SolutionGuid = {359F02CB-B166-4094-BC7C-64F7A397E826}
	EndGlobalSection
EndGlobal
