
Microsoft Visual Studio Solution File, Format Version 12.00
# Visual Studio Version 16
VisualStudioVersion = 16.0.31729.503
MinimumVisualStudioVersion = 10.0.40219.1
Project("{FAE04EC0-301F-11D3-BF4B-00C04F79EFBC}") = "Task_22", "Task_22\Task_22.csproj", "{BF0E36AF-46F6-4145-94C9-1A724B414D7C}"
EndProject
Global
	GlobalSection(SolutionConfigurationPlatforms) = preSolution
		Debug|Any CPU = Debug|Any CPU
		Release|Any CPU = Release|Any CPU
	EndGlobalSection
	GlobalSection(ProjectConfigurationPlatforms) = postSolution
		{BF0E36AF-46F6-4145-94C9-1A724B414D7C}.Debug|Any CPU.ActiveCfg = Debug|Any CPU
		{BF0E36AF-46F6-4145-94C9-1A724B414D7C}.Debug|Any CPU.Build.0 = Debug|Any CPU
		{BF0E36AF-46F6-4145-94C9-1A724B414D7C}.Release|Any CPU.ActiveCfg = Release|Any CPU
		{BF0E36AF-46F6-4145-94C9-1A724B414D7C}.Release|Any CPU.Build.0 = Release|Any CPU
	EndGlobalSection
	GlobalSection(SolutionProperties) = preSolution
		HideSolutionNode = FALSE
	EndGlobalSection
	GlobalSection(ExtensibilityGlobals) = postSolution
		SolutionGuid = {94E623FE-379D-44D9-9526-FFA93105C6A7}
	EndGlobalSection
EndGlobal
