
Microsoft Visual Studio Solution File, Format Version 12.00
# Visual Studio Version 16
VisualStudioVersion = 16.0.31729.503
MinimumVisualStudioVersion = 10.0.40219.1
Project("{F2A71F9B-5D33-465A-A702-920D77279786}") = "Task_21", "Task_21\Task_21.fsproj", "{A49E873B-02E4-4A32-B832-620B772E5300}"
EndProject
Global
	GlobalSection(SolutionConfigurationPlatforms) = preSolution
		Debug|Any CPU = Debug|Any CPU
		Release|Any CPU = Release|Any CPU
	EndGlobalSection
	GlobalSection(ProjectConfigurationPlatforms) = postSolution
		{A49E873B-02E4-4A32-B832-620B772E5300}.Debug|Any CPU.ActiveCfg = Debug|Any CPU
		{A49E873B-02E4-4A32-B832-620B772E5300}.Debug|Any CPU.Build.0 = Debug|Any CPU
		{A49E873B-02E4-4A32-B832-620B772E5300}.Release|Any CPU.ActiveCfg = Release|Any CPU
		{A49E873B-02E4-4A32-B832-620B772E5300}.Release|Any CPU.Build.0 = Release|Any CPU
	EndGlobalSection
	GlobalSection(SolutionProperties) = preSolution
		HideSolutionNode = FALSE
	EndGlobalSection
	GlobalSection(ExtensibilityGlobals) = postSolution
		SolutionGuid = {C7D05FF5-5CF2-4B06-88AD-9715DACB5804}
	EndGlobalSection
EndGlobal
