
Microsoft Visual Studio Solution File, Format Version 12.00
# Visual Studio Version 16
VisualStudioVersion = 16.0.31729.503
MinimumVisualStudioVersion = 10.0.40219.1
Project("{F2A71F9B-5D33-465A-A702-920D77279786}") = "Task_40", "Task_40\Task_40.fsproj", "{EE796513-5299-4D2B-9809-E81CECEDD5E4}"
EndProject
Global
	GlobalSection(SolutionConfigurationPlatforms) = preSolution
		Debug|Any CPU = Debug|Any CPU
		Release|Any CPU = Release|Any CPU
	EndGlobalSection
	GlobalSection(ProjectConfigurationPlatforms) = postSolution
		{EE796513-5299-4D2B-9809-E81CECEDD5E4}.Debug|Any CPU.ActiveCfg = Debug|Any CPU
		{EE796513-5299-4D2B-9809-E81CECEDD5E4}.Debug|Any CPU.Build.0 = Debug|Any CPU
		{EE796513-5299-4D2B-9809-E81CECEDD5E4}.Release|Any CPU.ActiveCfg = Release|Any CPU
		{EE796513-5299-4D2B-9809-E81CECEDD5E4}.Release|Any CPU.Build.0 = Release|Any CPU
	EndGlobalSection
	GlobalSection(SolutionProperties) = preSolution
		HideSolutionNode = FALSE
	EndGlobalSection
	GlobalSection(ExtensibilityGlobals) = postSolution
		SolutionGuid = {FD9EE62E-5C36-4854-8027-7CD697CD7571}
	EndGlobalSection
EndGlobal
