
Microsoft Visual Studio Solution File, Format Version 12.00
# Visual Studio Version 16
VisualStudioVersion = 16.0.31729.503
MinimumVisualStudioVersion = 10.0.40219.1
Project("{FAE04EC0-301F-11D3-BF4B-00C04F79EFBC}") = "Task_50", "Task_50\Task_50.csproj", "{B02B6242-1F3C-4A0B-B723-1E582E7BC127}"
EndProject
Global
	GlobalSection(SolutionConfigurationPlatforms) = preSolution
		Debug|Any CPU = Debug|Any CPU
		Release|Any CPU = Release|Any CPU
	EndGlobalSection
	GlobalSection(ProjectConfigurationPlatforms) = postSolution
		{B02B6242-1F3C-4A0B-B723-1E582E7BC127}.Debug|Any CPU.ActiveCfg = Debug|Any CPU
		{B02B6242-1F3C-4A0B-B723-1E582E7BC127}.Debug|Any CPU.Build.0 = Debug|Any CPU
		{B02B6242-1F3C-4A0B-B723-1E582E7BC127}.Release|Any CPU.ActiveCfg = Release|Any CPU
		{B02B6242-1F3C-4A0B-B723-1E582E7BC127}.Release|Any CPU.Build.0 = Release|Any CPU
	EndGlobalSection
	GlobalSection(SolutionProperties) = preSolution
		HideSolutionNode = FALSE
	EndGlobalSection
	GlobalSection(ExtensibilityGlobals) = postSolution
		SolutionGuid = {648FADF2-0E0B-4675-B9A0-1B347F3369A2}
	EndGlobalSection
EndGlobal
