
Microsoft Visual Studio Solution File, Format Version 12.00
# Visual Studio Version 16
VisualStudioVersion = 16.0.31729.503
MinimumVisualStudioVersion = 10.0.40219.1
Project("{F2A71F9B-5D33-465A-A702-920D77279786}") = "Task_41", "Task_41\Task_41.fsproj", "{8FF374EB-0FD0-4E7E-90F6-88CD2916A32D}"
EndProject
Global
	GlobalSection(SolutionConfigurationPlatforms) = preSolution
		Debug|Any CPU = Debug|Any CPU
		Release|Any CPU = Release|Any CPU
	EndGlobalSection
	GlobalSection(ProjectConfigurationPlatforms) = postSolution
		{8FF374EB-0FD0-4E7E-90F6-88CD2916A32D}.Debug|Any CPU.ActiveCfg = Debug|Any CPU
		{8FF374EB-0FD0-4E7E-90F6-88CD2916A32D}.Debug|Any CPU.Build.0 = Debug|Any CPU
		{8FF374EB-0FD0-4E7E-90F6-88CD2916A32D}.Release|Any CPU.ActiveCfg = Release|Any CPU
		{8FF374EB-0FD0-4E7E-90F6-88CD2916A32D}.Release|Any CPU.Build.0 = Release|Any CPU
	EndGlobalSection
	GlobalSection(SolutionProperties) = preSolution
		HideSolutionNode = FALSE
	EndGlobalSection
	GlobalSection(ExtensibilityGlobals) = postSolution
		SolutionGuid = {168DFC7C-7922-4C36-973B-1A0CEC2936F5}
	EndGlobalSection
EndGlobal
