
Microsoft Visual Studio Solution File, Format Version 12.00
# Visual Studio Version 16
VisualStudioVersion = 16.0.31729.503
MinimumVisualStudioVersion = 10.0.40219.1
Project("{F2A71F9B-5D33-465A-A702-920D77279786}") = "Task_92", "Task_92\Task_92.fsproj", "{CC97AF49-1EE0-41B0-A80A-321D11C3670F}"
EndProject
Global
	GlobalSection(SolutionConfigurationPlatforms) = preSolution
		Debug|Any CPU = Debug|Any CPU
		Release|Any CPU = Release|Any CPU
	EndGlobalSection
	GlobalSection(ProjectConfigurationPlatforms) = postSolution
		{CC97AF49-1EE0-41B0-A80A-321D11C3670F}.Debug|Any CPU.ActiveCfg = Debug|Any CPU
		{CC97AF49-1EE0-41B0-A80A-321D11C3670F}.Debug|Any CPU.Build.0 = Debug|Any CPU
		{CC97AF49-1EE0-41B0-A80A-321D11C3670F}.Release|Any CPU.ActiveCfg = Release|Any CPU
		{CC97AF49-1EE0-41B0-A80A-321D11C3670F}.Release|Any CPU.Build.0 = Release|Any CPU
	EndGlobalSection
	GlobalSection(SolutionProperties) = preSolution
		HideSolutionNode = FALSE
	EndGlobalSection
	GlobalSection(ExtensibilityGlobals) = postSolution
		SolutionGuid = {53F60183-D7B8-4C41-AE2E-EDEDEDDA68C1}
	EndGlobalSection
EndGlobal
