
Microsoft Visual Studio Solution File, Format Version 12.00
# Visual Studio Version 16
VisualStudioVersion = 16.0.31729.503
MinimumVisualStudioVersion = 10.0.40219.1
Project("{F2A71F9B-5D33-465A-A702-920D77279786}") = "Task_25", "Task_25\Task_25.fsproj", "{D21A2A7E-7AC8-4FEB-AD91-F42D2250E14A}"
EndProject
Global
	GlobalSection(SolutionConfigurationPlatforms) = preSolution
		Debug|Any CPU = Debug|Any CPU
		Release|Any CPU = Release|Any CPU
	EndGlobalSection
	GlobalSection(ProjectConfigurationPlatforms) = postSolution
		{D21A2A7E-7AC8-4FEB-AD91-F42D2250E14A}.Debug|Any CPU.ActiveCfg = Debug|Any CPU
		{D21A2A7E-7AC8-4FEB-AD91-F42D2250E14A}.Debug|Any CPU.Build.0 = Debug|Any CPU
		{D21A2A7E-7AC8-4FEB-AD91-F42D2250E14A}.Release|Any CPU.ActiveCfg = Release|Any CPU
		{D21A2A7E-7AC8-4FEB-AD91-F42D2250E14A}.Release|Any CPU.Build.0 = Release|Any CPU
	EndGlobalSection
	GlobalSection(SolutionProperties) = preSolution
		HideSolutionNode = FALSE
	EndGlobalSection
	GlobalSection(ExtensibilityGlobals) = postSolution
		SolutionGuid = {2C583860-57F5-4664-831D-EAF1D94A590F}
	EndGlobalSection
EndGlobal
