
Microsoft Visual Studio Solution File, Format Version 12.00
# Visual Studio Version 16
VisualStudioVersion = 16.0.31605.320
MinimumVisualStudioVersion = 10.0.40219.1
Project("{FAE04EC0-301F-11D3-BF4B-00C04F79EFBC}") = "TriangleNumbers", "TriangleNumbers\TriangleNumbers.csproj", "{635720EA-0A99-42ED-B973-B6E0C84C3174}"
EndProject
Global
	GlobalSection(SolutionConfigurationPlatforms) = preSolution
		Debug|Any CPU = Debug|Any CPU
		Release|Any CPU = Release|Any CPU
	EndGlobalSection
	GlobalSection(ProjectConfigurationPlatforms) = postSolution
		{635720EA-0A99-42ED-B973-B6E0C84C3174}.Debug|Any CPU.ActiveCfg = Debug|Any CPU
		{635720EA-0A99-42ED-B973-B6E0C84C3174}.Debug|Any CPU.Build.0 = Debug|Any CPU
		{635720EA-0A99-42ED-B973-B6E0C84C3174}.Release|Any CPU.ActiveCfg = Release|Any CPU
		{635720EA-0A99-42ED-B973-B6E0C84C3174}.Release|Any CPU.Build.0 = Release|Any CPU
	EndGlobalSection
	GlobalSection(SolutionProperties) = preSolution
		HideSolutionNode = FALSE
	EndGlobalSection
	GlobalSection(ExtensibilityGlobals) = postSolution
		SolutionGuid = {ACE1D3EC-9CE9-433F-8580-80BA6C3594AC}
	EndGlobalSection
EndGlobal
