
Microsoft Visual Studio Solution File, Format Version 12.00
# Visual Studio Version 16
VisualStudioVersion = 16.0.31605.320
MinimumVisualStudioVersion = 10.0.40219.1
Project("{FAE04EC0-301F-11D3-BF4B-00C04F79EFBC}") = "CollatzConjecture", "CollatzConjecture\CollatzConjecture.csproj", "{1D9487F3-17D7-46BA-979C-84FF7340AEC1}"
EndProject
Global
	GlobalSection(SolutionConfigurationPlatforms) = preSolution
		Debug|Any CPU = Debug|Any CPU
		Release|Any CPU = Release|Any CPU
	EndGlobalSection
	GlobalSection(ProjectConfigurationPlatforms) = postSolution
		{1D9487F3-17D7-46BA-979C-84FF7340AEC1}.Debug|Any CPU.ActiveCfg = Debug|Any CPU
		{1D9487F3-17D7-46BA-979C-84FF7340AEC1}.Debug|Any CPU.Build.0 = Debug|Any CPU
		{1D9487F3-17D7-46BA-979C-84FF7340AEC1}.Release|Any CPU.ActiveCfg = Release|Any CPU
		{1D9487F3-17D7-46BA-979C-84FF7340AEC1}.Release|Any CPU.Build.0 = Release|Any CPU
	EndGlobalSection
	GlobalSection(SolutionProperties) = preSolution
		HideSolutionNode = FALSE
	EndGlobalSection
	GlobalSection(ExtensibilityGlobals) = postSolution
		SolutionGuid = {D0FE1FFE-1261-4F62-ADDF-0C9D8930B9F5}
	EndGlobalSection
EndGlobal
