
Microsoft Visual Studio Solution File, Format Version 12.00
# Visual Studio Version 16
VisualStudioVersion = 16.0.31729.503
MinimumVisualStudioVersion = 10.0.40219.1
Project("{FAE04EC0-301F-11D3-BF4B-00C04F79EFBC}") = "Task_48", "Task_48\Task_48.csproj", "{32C2CC1E-BACC-4469-89E3-950F74290BF9}"
EndProject
Global
	GlobalSection(SolutionConfigurationPlatforms) = preSolution
		Debug|Any CPU = Debug|Any CPU
		Release|Any CPU = Release|Any CPU
	EndGlobalSection
	GlobalSection(ProjectConfigurationPlatforms) = postSolution
		{32C2CC1E-BACC-4469-89E3-950F74290BF9}.Debug|Any CPU.ActiveCfg = Debug|Any CPU
		{32C2CC1E-BACC-4469-89E3-950F74290BF9}.Debug|Any CPU.Build.0 = Debug|Any CPU
		{32C2CC1E-BACC-4469-89E3-950F74290BF9}.Release|Any CPU.ActiveCfg = Release|Any CPU
		{32C2CC1E-BACC-4469-89E3-950F74290BF9}.Release|Any CPU.Build.0 = Release|Any CPU
	EndGlobalSection
	GlobalSection(SolutionProperties) = preSolution
		HideSolutionNode = FALSE
	EndGlobalSection
	GlobalSection(ExtensibilityGlobals) = postSolution
		SolutionGuid = {0E03EEF0-294D-48B9-B51B-A914CD1A06AB}
	EndGlobalSection
EndGlobal
