
Microsoft Visual Studio Solution File, Format Version 12.00
# Visual Studio Version 16
VisualStudioVersion = 16.0.31729.503
MinimumVisualStudioVersion = 10.0.40219.1
Project("{F2A71F9B-5D33-465A-A702-920D77279786}") = "Task_28", "Task_28\Task_28.fsproj", "{2827569C-FE64-4981-912B-688C896E6CA1}"
EndProject
Global
	GlobalSection(SolutionConfigurationPlatforms) = preSolution
		Debug|Any CPU = Debug|Any CPU
		Release|Any CPU = Release|Any CPU
	EndGlobalSection
	GlobalSection(ProjectConfigurationPlatforms) = postSolution
		{2827569C-FE64-4981-912B-688C896E6CA1}.Debug|Any CPU.ActiveCfg = Debug|Any CPU
		{2827569C-FE64-4981-912B-688C896E6CA1}.Debug|Any CPU.Build.0 = Debug|Any CPU
		{2827569C-FE64-4981-912B-688C896E6CA1}.Release|Any CPU.ActiveCfg = Release|Any CPU
		{2827569C-FE64-4981-912B-688C896E6CA1}.Release|Any CPU.Build.0 = Release|Any CPU
	EndGlobalSection
	GlobalSection(SolutionProperties) = preSolution
		HideSolutionNode = FALSE
	EndGlobalSection
	GlobalSection(ExtensibilityGlobals) = postSolution
		SolutionGuid = {2CCF8625-6E3F-4B7C-AE62-78925BDAD6DD}
	EndGlobalSection
EndGlobal
