
Microsoft Visual Studio Solution File, Format Version 12.00
# Visual Studio Version 16
VisualStudioVersion = 16.0.31729.503
MinimumVisualStudioVersion = 10.0.40219.1
Project("{FAE04EC0-301F-11D3-BF4B-00C04F79EFBC}") = "Task_38", "Task_38\Task_38.csproj", "{16616E32-A985-4306-874D-B58FF276C39F}"
EndProject
Global
	GlobalSection(SolutionConfigurationPlatforms) = preSolution
		Debug|Any CPU = Debug|Any CPU
		Release|Any CPU = Release|Any CPU
	EndGlobalSection
	GlobalSection(ProjectConfigurationPlatforms) = postSolution
		{16616E32-A985-4306-874D-B58FF276C39F}.Debug|Any CPU.ActiveCfg = Debug|Any CPU
		{16616E32-A985-4306-874D-B58FF276C39F}.Debug|Any CPU.Build.0 = Debug|Any CPU
		{16616E32-A985-4306-874D-B58FF276C39F}.Release|Any CPU.ActiveCfg = Release|Any CPU
		{16616E32-A985-4306-874D-B58FF276C39F}.Release|Any CPU.Build.0 = Release|Any CPU
	EndGlobalSection
	GlobalSection(SolutionProperties) = preSolution
		HideSolutionNode = FALSE
	EndGlobalSection
	GlobalSection(ExtensibilityGlobals) = postSolution
		SolutionGuid = {84959A14-B6EA-4B89-85DF-4072DA5A4666}
	EndGlobalSection
EndGlobal
