
Microsoft Visual Studio Solution File, Format Version 12.00
# Visual Studio Version 16
VisualStudioVersion = 16.0.31729.503
MinimumVisualStudioVersion = 10.0.40219.1
Project("{FAE04EC0-301F-11D3-BF4B-00C04F79EFBC}") = "Task_67", "Task_67\Task_67.csproj", "{5DD2E717-D365-4824-94CD-22358B594D62}"
EndProject
Global
	GlobalSection(SolutionConfigurationPlatforms) = preSolution
		Debug|Any CPU = Debug|Any CPU
		Release|Any CPU = Release|Any CPU
	EndGlobalSection
	GlobalSection(ProjectConfigurationPlatforms) = postSolution
		{5DD2E717-D365-4824-94CD-22358B594D62}.Debug|Any CPU.ActiveCfg = Debug|Any CPU
		{5DD2E717-D365-4824-94CD-22358B594D62}.Debug|Any CPU.Build.0 = Debug|Any CPU
		{5DD2E717-D365-4824-94CD-22358B594D62}.Release|Any CPU.ActiveCfg = Release|Any CPU
		{5DD2E717-D365-4824-94CD-22358B594D62}.Release|Any CPU.Build.0 = Release|Any CPU
	EndGlobalSection
	GlobalSection(SolutionProperties) = preSolution
		HideSolutionNode = FALSE
	EndGlobalSection
	GlobalSection(ExtensibilityGlobals) = postSolution
		SolutionGuid = {D47248EA-432C-405D-801A-5091F408B98C}
	EndGlobalSection
EndGlobal
