
Microsoft Visual Studio Solution File, Format Version 12.00
# Visual Studio Version 16
VisualStudioVersion = 16.0.31605.320
MinimumVisualStudioVersion = 10.0.40219.1
Project("{FAE04EC0-301F-11D3-BF4B-00C04F79EFBC}") = "FizzBuzz", "FizzBuzz\FizzBuzz.csproj", "{D192E416-3A8D-4465-AA8F-156478DA56F3}"
EndProject
Global
	GlobalSection(SolutionConfigurationPlatforms) = preSolution
		Debug|Any CPU = Debug|Any CPU
		Release|Any CPU = Release|Any CPU
	EndGlobalSection
	GlobalSection(ProjectConfigurationPlatforms) = postSolution
		{D192E416-3A8D-4465-AA8F-156478DA56F3}.Debug|Any CPU.ActiveCfg = Debug|Any CPU
		{D192E416-3A8D-4465-AA8F-156478DA56F3}.Debug|Any CPU.Build.0 = Debug|Any CPU
		{D192E416-3A8D-4465-AA8F-156478DA56F3}.Release|Any CPU.ActiveCfg = Release|Any CPU
		{D192E416-3A8D-4465-AA8F-156478DA56F3}.Release|Any CPU.Build.0 = Release|Any CPU
	EndGlobalSection
	GlobalSection(SolutionProperties) = preSolution
		HideSolutionNode = FALSE
	EndGlobalSection
	GlobalSection(ExtensibilityGlobals) = postSolution
		SolutionGuid = {C7EE6C6C-9214-4BFB-B305-591238195CC2}
	EndGlobalSection
EndGlobal
