
Microsoft Visual Studio Solution File, Format Version 12.00
# Visual Studio Version 16
VisualStudioVersion = 16.0.31729.503
MinimumVisualStudioVersion = 10.0.40219.1
Project("{F2A71F9B-5D33-465A-A702-920D77279786}") = "Task_33", "Task_33\Task_33.fsproj", "{C1CFCDCA-B61E-48F4-B454-86B005D4172A}"
EndProject
Global
	GlobalSection(SolutionConfigurationPlatforms) = preSolution
		Debug|Any CPU = Debug|Any CPU
		Release|Any CPU = Release|Any CPU
	EndGlobalSection
	GlobalSection(ProjectConfigurationPlatforms) = postSolution
		{C1CFCDCA-B61E-48F4-B454-86B005D4172A}.Debug|Any CPU.ActiveCfg = Debug|Any CPU
		{C1CFCDCA-B61E-48F4-B454-86B005D4172A}.Debug|Any CPU.Build.0 = Debug|Any CPU
		{C1CFCDCA-B61E-48F4-B454-86B005D4172A}.Release|Any CPU.ActiveCfg = Release|Any CPU
		{C1CFCDCA-B61E-48F4-B454-86B005D4172A}.Release|Any CPU.Build.0 = Release|Any CPU
	EndGlobalSection
	GlobalSection(SolutionProperties) = preSolution
		HideSolutionNode = FALSE
	EndGlobalSection
	GlobalSection(ExtensibilityGlobals) = postSolution
		SolutionGuid = {88993A47-6CBD-45DD-ABDC-BD9A3B1B216B}
	EndGlobalSection
EndGlobal
