
Microsoft Visual Studio Solution File, Format Version 12.00
# Visual Studio Version 16
VisualStudioVersion = 16.0.31729.503
MinimumVisualStudioVersion = 10.0.40219.1
Project("{FAE04EC0-301F-11D3-BF4B-00C04F79EFBC}") = "Task_4", "Task_4\Task_4.csproj", "{D76C62A7-545A-4FD2-B302-66BDCDBD9E69}"
EndProject
Global
	GlobalSection(SolutionConfigurationPlatforms) = preSolution
		Debug|Any CPU = Debug|Any CPU
		Release|Any CPU = Release|Any CPU
	EndGlobalSection
	GlobalSection(ProjectConfigurationPlatforms) = postSolution
		{D76C62A7-545A-4FD2-B302-66BDCDBD9E69}.Debug|Any CPU.ActiveCfg = Debug|Any CPU
		{D76C62A7-545A-4FD2-B302-66BDCDBD9E69}.Debug|Any CPU.Build.0 = Debug|Any CPU
		{D76C62A7-545A-4FD2-B302-66BDCDBD9E69}.Release|Any CPU.ActiveCfg = Release|Any CPU
		{D76C62A7-545A-4FD2-B302-66BDCDBD9E69}.Release|Any CPU.Build.0 = Release|Any CPU
	EndGlobalSection
	GlobalSection(SolutionProperties) = preSolution
		HideSolutionNode = FALSE
	EndGlobalSection
	GlobalSection(ExtensibilityGlobals) = postSolution
		SolutionGuid = {B6F11173-1CF4-47B6-B3ED-AA3E24DEB31A}
	EndGlobalSection
EndGlobal
