
Microsoft Visual Studio Solution File, Format Version 12.00
# Visual Studio Version 16
VisualStudioVersion = 16.0.31605.320
MinimumVisualStudioVersion = 10.0.40219.1
Project("{F2A71F9B-5D33-465A-A702-920D77279786}") = "BMICalculator", "BMICalculator\BMICalculator.fsproj", "{1F0F6A66-BDAD-4306-B79F-620137545254}"
EndProject
Global
	GlobalSection(SolutionConfigurationPlatforms) = preSolution
		Debug|Any CPU = Debug|Any CPU
		Release|Any CPU = Release|Any CPU
	EndGlobalSection
	GlobalSection(ProjectConfigurationPlatforms) = postSolution
		{1F0F6A66-BDAD-4306-B79F-620137545254}.Debug|Any CPU.ActiveCfg = Debug|Any CPU
		{1F0F6A66-BDAD-4306-B79F-620137545254}.Debug|Any CPU.Build.0 = Debug|Any CPU
		{1F0F6A66-BDAD-4306-B79F-620137545254}.Release|Any CPU.ActiveCfg = Release|Any CPU
		{1F0F6A66-BDAD-4306-B79F-620137545254}.Release|Any CPU.Build.0 = Release|Any CPU
	EndGlobalSection
	GlobalSection(SolutionProperties) = preSolution
		HideSolutionNode = FALSE
	EndGlobalSection
	GlobalSection(ExtensibilityGlobals) = postSolution
		SolutionGuid = {C7A66D05-AF95-462C-A2E2-79044BDE7661}
	EndGlobalSection
EndGlobal
