
Microsoft Visual Studio Solution File, Format Version 12.00
# Visual Studio Version 16
VisualStudioVersion = 16.0.31605.320
MinimumVisualStudioVersion = 10.0.40219.1
Project("{FAE04EC0-301F-11D3-BF4B-00C04F79EFBC}") = "ReverseString", "ReverseString\ReverseString.csproj", "{F9E132EE-B5A3-494A-80F4-7748B879D6CF}"
EndProject
Global
	GlobalSection(SolutionConfigurationPlatforms) = preSolution
		Debug|Any CPU = Debug|Any CPU
		Release|Any CPU = Release|Any CPU
	EndGlobalSection
	GlobalSection(ProjectConfigurationPlatforms) = postSolution
		{F9E132EE-B5A3-494A-80F4-7748B879D6CF}.Debug|Any CPU.ActiveCfg = Debug|Any CPU
		{F9E132EE-B5A3-494A-80F4-7748B879D6CF}.Debug|Any CPU.Build.0 = Debug|Any CPU
		{F9E132EE-B5A3-494A-80F4-7748B879D6CF}.Release|Any CPU.ActiveCfg = Release|Any CPU
		{F9E132EE-B5A3-494A-80F4-7748B879D6CF}.Release|Any CPU.Build.0 = Release|Any CPU
	EndGlobalSection
	GlobalSection(SolutionProperties) = preSolution
		HideSolutionNode = FALSE
	EndGlobalSection
	GlobalSection(ExtensibilityGlobals) = postSolution
		SolutionGuid = {C7340900-8415-41CD-8A6D-245AA295ED9F}
	EndGlobalSection
EndGlobal
