
Microsoft Visual Studio Solution File, Format Version 12.00
# Visual Studio Version 16
VisualStudioVersion = 16.0.31729.503
MinimumVisualStudioVersion = 10.0.40219.1
Project("{F2A71F9B-5D33-465A-A702-920D77279786}") = "Task_44", "Task_44\Task_44.fsproj", "{F084EBDC-9711-4D11-87FB-2A340983941C}"
EndProject
Global
	GlobalSection(SolutionConfigurationPlatforms) = preSolution
		Debug|Any CPU = Debug|Any CPU
		Release|Any CPU = Release|Any CPU
	EndGlobalSection
	GlobalSection(ProjectConfigurationPlatforms) = postSolution
		{F084EBDC-9711-4D11-87FB-2A340983941C}.Debug|Any CPU.ActiveCfg = Debug|Any CPU
		{F084EBDC-9711-4D11-87FB-2A340983941C}.Debug|Any CPU.Build.0 = Debug|Any CPU
		{F084EBDC-9711-4D11-87FB-2A340983941C}.Release|Any CPU.ActiveCfg = Release|Any CPU
		{F084EBDC-9711-4D11-87FB-2A340983941C}.Release|Any CPU.Build.0 = Release|Any CPU
	EndGlobalSection
	GlobalSection(SolutionProperties) = preSolution
		HideSolutionNode = FALSE
	EndGlobalSection
	GlobalSection(ExtensibilityGlobals) = postSolution
		SolutionGuid = {C8DBEC6B-B303-4BDE-95C1-98C2FEFF1E1A}
	EndGlobalSection
EndGlobal
