
Microsoft Visual Studio Solution File, Format Version 12.00
# Visual Studio Version 16
VisualStudioVersion = 16.0.31729.503
MinimumVisualStudioVersion = 10.0.40219.1
Project("{FAE04EC0-301F-11D3-BF4B-00C04F79EFBC}") = "Task_46", "Task_46\Task_46.csproj", "{521EC55E-3B88-4325-A5AC-DAD04F6DE287}"
EndProject
Global
	GlobalSection(SolutionConfigurationPlatforms) = preSolution
		Debug|Any CPU = Debug|Any CPU
		Release|Any CPU = Release|Any CPU
	EndGlobalSection
	GlobalSection(ProjectConfigurationPlatforms) = postSolution
		{521EC55E-3B88-4325-A5AC-DAD04F6DE287}.Debug|Any CPU.ActiveCfg = Debug|Any CPU
		{521EC55E-3B88-4325-A5AC-DAD04F6DE287}.Debug|Any CPU.Build.0 = Debug|Any CPU
		{521EC55E-3B88-4325-A5AC-DAD04F6DE287}.Release|Any CPU.ActiveCfg = Release|Any CPU
		{521EC55E-3B88-4325-A5AC-DAD04F6DE287}.Release|Any CPU.Build.0 = Release|Any CPU
	EndGlobalSection
	GlobalSection(SolutionProperties) = preSolution
		HideSolutionNode = FALSE
	EndGlobalSection
	GlobalSection(ExtensibilityGlobals) = postSolution
		SolutionGuid = {E627246C-32C7-43E5-BB71-4A7E877BAB0B}
	EndGlobalSection
EndGlobal
