
Microsoft Visual Studio Solution File, Format Version 12.00
# Visual Studio Version 16
VisualStudioVersion = 16.0.31729.503
MinimumVisualStudioVersion = 10.0.40219.1
Project("{FAE04EC0-301F-11D3-BF4B-00C04F79EFBC}") = "Task_43", "Task_43\Task_43.csproj", "{6E162971-DAF2-4413-BEDA-1870CA5F1549}"
EndProject
Global
	GlobalSection(SolutionConfigurationPlatforms) = preSolution
		Debug|Any CPU = Debug|Any CPU
		Release|Any CPU = Release|Any CPU
	EndGlobalSection
	GlobalSection(ProjectConfigurationPlatforms) = postSolution
		{6E162971-DAF2-4413-BEDA-1870CA5F1549}.Debug|Any CPU.ActiveCfg = Debug|Any CPU
		{6E162971-DAF2-4413-BEDA-1870CA5F1549}.Debug|Any CPU.Build.0 = Debug|Any CPU
		{6E162971-DAF2-4413-BEDA-1870CA5F1549}.Release|Any CPU.ActiveCfg = Release|Any CPU
		{6E162971-DAF2-4413-BEDA-1870CA5F1549}.Release|Any CPU.Build.0 = Release|Any CPU
	EndGlobalSection
	GlobalSection(SolutionProperties) = preSolution
		HideSolutionNode = FALSE
	EndGlobalSection
	GlobalSection(ExtensibilityGlobals) = postSolution
		SolutionGuid = {CD2E0A17-A164-4ED5-9DC3-21433C772DD0}
	EndGlobalSection
EndGlobal
