
Microsoft Visual Studio Solution File, Format Version 12.00
# Visual Studio Version 16
VisualStudioVersion = 16.0.31729.503
MinimumVisualStudioVersion = 10.0.40219.1
Project("{FAE04EC0-301F-11D3-BF4B-00C04F79EFBC}") = "LinkedList", "LinkedList\LinkedList.csproj", "{A897D38F-4F87-4EC9-B712-C69082800476}"
EndProject
Global
	GlobalSection(SolutionConfigurationPlatforms) = preSolution
		Debug|Any CPU = Debug|Any CPU
		Release|Any CPU = Release|Any CPU
	EndGlobalSection
	GlobalSection(ProjectConfigurationPlatforms) = postSolution
		{A897D38F-4F87-4EC9-B712-C69082800476}.Debug|Any CPU.ActiveCfg = Debug|Any CPU
		{A897D38F-4F87-4EC9-B712-C69082800476}.Debug|Any CPU.Build.0 = Debug|Any CPU
		{A897D38F-4F87-4EC9-B712-C69082800476}.Release|Any CPU.ActiveCfg = Release|Any CPU
		{A897D38F-4F87-4EC9-B712-C69082800476}.Release|Any CPU.Build.0 = Release|Any CPU
	EndGlobalSection
	GlobalSection(SolutionProperties) = preSolution
		HideSolutionNode = FALSE
	EndGlobalSection
	GlobalSection(ExtensibilityGlobals) = postSolution
		SolutionGuid = {5BD7CE01-76B5-4FD7-B920-F2CD6F3D65C4}
	EndGlobalSection
EndGlobal
