
Microsoft Visual Studio Solution File, Format Version 12.00
# Visual Studio Version 16
VisualStudioVersion = 16.0.31729.503
MinimumVisualStudioVersion = 10.0.40219.1
Project("{FAE04EC0-301F-11D3-BF4B-00C04F79EFBC}") = "Task_32", "Task_32\Task_32.csproj", "{3575E2F2-A4BA-4C8E-B29A-4F7D70496582}"
EndProject
Global
	GlobalSection(SolutionConfigurationPlatforms) = preSolution
		Debug|Any CPU = Debug|Any CPU
		Release|Any CPU = Release|Any CPU
	EndGlobalSection
	GlobalSection(ProjectConfigurationPlatforms) = postSolution
		{3575E2F2-A4BA-4C8E-B29A-4F7D70496582}.Debug|Any CPU.ActiveCfg = Debug|Any CPU
		{3575E2F2-A4BA-4C8E-B29A-4F7D70496582}.Debug|Any CPU.Build.0 = Debug|Any CPU
		{3575E2F2-A4BA-4C8E-B29A-4F7D70496582}.Release|Any CPU.ActiveCfg = Release|Any CPU
		{3575E2F2-A4BA-4C8E-B29A-4F7D70496582}.Release|Any CPU.Build.0 = Release|Any CPU
	EndGlobalSection
	GlobalSection(SolutionProperties) = preSolution
		HideSolutionNode = FALSE
	EndGlobalSection
	GlobalSection(ExtensibilityGlobals) = postSolution
		SolutionGuid = {80E0DDFA-34E4-4980-8351-29C3F35D25FB}
	EndGlobalSection
EndGlobal
