
Microsoft Visual Studio Solution File, Format Version 12.00
# Visual Studio Version 16
VisualStudioVersion = 16.0.31729.503
MinimumVisualStudioVersion = 10.0.40219.1
Project("{FAE04EC0-301F-11D3-BF4B-00C04F79EFBC}") = "Task_19", "Task_19\Task_19.csproj", "{F4B55FF7-8122-4056-9DF5-25DEA796EFB7}"
EndProject
Global
	GlobalSection(SolutionConfigurationPlatforms) = preSolution
		Debug|Any CPU = Debug|Any CPU
		Release|Any CPU = Release|Any CPU
	EndGlobalSection
	GlobalSection(ProjectConfigurationPlatforms) = postSolution
		{F4B55FF7-8122-4056-9DF5-25DEA796EFB7}.Debug|Any CPU.ActiveCfg = Debug|Any CPU
		{F4B55FF7-8122-4056-9DF5-25DEA796EFB7}.Debug|Any CPU.Build.0 = Debug|Any CPU
		{F4B55FF7-8122-4056-9DF5-25DEA796EFB7}.Release|Any CPU.ActiveCfg = Release|Any CPU
		{F4B55FF7-8122-4056-9DF5-25DEA796EFB7}.Release|Any CPU.Build.0 = Release|Any CPU
	EndGlobalSection
	GlobalSection(SolutionProperties) = preSolution
		HideSolutionNode = FALSE
	EndGlobalSection
	GlobalSection(ExtensibilityGlobals) = postSolution
		SolutionGuid = {40048365-0FC5-44AD-A260-634E6E9B53E6}
	EndGlobalSection
EndGlobal
