
Microsoft Visual Studio Solution File, Format Version 12.00
# Visual Studio Version 16
VisualStudioVersion = 16.0.31729.503
MinimumVisualStudioVersion = 10.0.40219.1
Project("{F2A71F9B-5D33-465A-A702-920D77279786}") = "Task_57", "Task_57\Task_57.fsproj", "{1481DE1F-86F8-478F-9FA9-20342C5908DA}"
EndProject
Global
	GlobalSection(SolutionConfigurationPlatforms) = preSolution
		Debug|Any CPU = Debug|Any CPU
		Release|Any CPU = Release|Any CPU
	EndGlobalSection
	GlobalSection(ProjectConfigurationPlatforms) = postSolution
		{1481DE1F-86F8-478F-9FA9-20342C5908DA}.Debug|Any CPU.ActiveCfg = Debug|Any CPU
		{1481DE1F-86F8-478F-9FA9-20342C5908DA}.Debug|Any CPU.Build.0 = Debug|Any CPU
		{1481DE1F-86F8-478F-9FA9-20342C5908DA}.Release|Any CPU.ActiveCfg = Release|Any CPU
		{1481DE1F-86F8-478F-9FA9-20342C5908DA}.Release|Any CPU.Build.0 = Release|Any CPU
	EndGlobalSection
	GlobalSection(SolutionProperties) = preSolution
		HideSolutionNode = FALSE
	EndGlobalSection
	GlobalSection(ExtensibilityGlobals) = postSolution
		SolutionGuid = {07FD4664-4B78-464C-895F-0E6FF33AF68B}
	EndGlobalSection
EndGlobal
