
Microsoft Visual Studio Solution File, Format Version 12.00
# Visual Studio Version 16
VisualStudioVersion = 16.0.31729.503
MinimumVisualStudioVersion = 10.0.40219.1
Project("{F2A71F9B-5D33-465A-A702-920D77279786}") = "Task_32", "Task_32\Task_32.fsproj", "{F91BE32E-D098-46E4-B34F-306CB35C2F05}"
EndProject
Global
	GlobalSection(SolutionConfigurationPlatforms) = preSolution
		Debug|Any CPU = Debug|Any CPU
		Release|Any CPU = Release|Any CPU
	EndGlobalSection
	GlobalSection(ProjectConfigurationPlatforms) = postSolution
		{F91BE32E-D098-46E4-B34F-306CB35C2F05}.Debug|Any CPU.ActiveCfg = Debug|Any CPU
		{F91BE32E-D098-46E4-B34F-306CB35C2F05}.Debug|Any CPU.Build.0 = Debug|Any CPU
		{F91BE32E-D098-46E4-B34F-306CB35C2F05}.Release|Any CPU.ActiveCfg = Release|Any CPU
		{F91BE32E-D098-46E4-B34F-306CB35C2F05}.Release|Any CPU.Build.0 = Release|Any CPU
	EndGlobalSection
	GlobalSection(SolutionProperties) = preSolution
		HideSolutionNode = FALSE
	EndGlobalSection
	GlobalSection(ExtensibilityGlobals) = postSolution
		SolutionGuid = {A6FA020D-EB08-4739-91CE-3DA36C85319F}
	EndGlobalSection
EndGlobal
