
Microsoft Visual Studio Solution File, Format Version 12.00
# Visual Studio Version 16
VisualStudioVersion = 16.0.31605.320
MinimumVisualStudioVersion = 10.0.40219.1
Project("{F2A71F9B-5D33-465A-A702-920D77279786}") = "TemperatureConversion", "TemperatureConversion\TemperatureConversion.fsproj", "{5D5BDD77-4FE8-4A13-9E5C-4660BE394AB9}"
EndProject
Global
	GlobalSection(SolutionConfigurationPlatforms) = preSolution
		Debug|Any CPU = Debug|Any CPU
		Release|Any CPU = Release|Any CPU
	EndGlobalSection
	GlobalSection(ProjectConfigurationPlatforms) = postSolution
		{5D5BDD77-4FE8-4A13-9E5C-4660BE394AB9}.Debug|Any CPU.ActiveCfg = Debug|Any CPU
		{5D5BDD77-4FE8-4A13-9E5C-4660BE394AB9}.Debug|Any CPU.Build.0 = Debug|Any CPU
		{5D5BDD77-4FE8-4A13-9E5C-4660BE394AB9}.Release|Any CPU.ActiveCfg = Release|Any CPU
		{5D5BDD77-4FE8-4A13-9E5C-4660BE394AB9}.Release|Any CPU.Build.0 = Release|Any CPU
	EndGlobalSection
	GlobalSection(SolutionProperties) = preSolution
		HideSolutionNode = FALSE
	EndGlobalSection
	GlobalSection(ExtensibilityGlobals) = postSolution
		SolutionGuid = {8E01C74C-7F9A-49A2-A37A-19732A154E88}
	EndGlobalSection
EndGlobal
