
Microsoft Visual Studio Solution File, Format Version 12.00
# Visual Studio Version 16
VisualStudioVersion = 16.0.31729.503
MinimumVisualStudioVersion = 10.0.40219.1
Project("{FAE04EC0-301F-11D3-BF4B-00C04F79EFBC}") = "Task_9", "Task_9\Task_9.csproj", "{C5FA8889-387E-440E-831B-B082849A80FB}"
EndProject
Global
	GlobalSection(SolutionConfigurationPlatforms) = preSolution
		Debug|Any CPU = Debug|Any CPU
		Release|Any CPU = Release|Any CPU
	EndGlobalSection
	GlobalSection(ProjectConfigurationPlatforms) = postSolution
		{C5FA8889-387E-440E-831B-B082849A80FB}.Debug|Any CPU.ActiveCfg = Debug|Any CPU
		{C5FA8889-387E-440E-831B-B082849A80FB}.Debug|Any CPU.Build.0 = Debug|Any CPU
		{C5FA8889-387E-440E-831B-B082849A80FB}.Release|Any CPU.ActiveCfg = Release|Any CPU
		{C5FA8889-387E-440E-831B-B082849A80FB}.Release|Any CPU.Build.0 = Release|Any CPU
	EndGlobalSection
	GlobalSection(SolutionProperties) = preSolution
		HideSolutionNode = FALSE
	EndGlobalSection
	GlobalSection(ExtensibilityGlobals) = postSolution
		SolutionGuid = {CE3EE8D6-8BF7-4E85-BD93-33979C7E024D}
	EndGlobalSection
EndGlobal
