
Microsoft Visual Studio Solution File, Format Version 12.00
# Visual Studio Version 16
VisualStudioVersion = 16.0.31729.503
MinimumVisualStudioVersion = 10.0.40219.1
Project("{FAE04EC0-301F-11D3-BF4B-00C04F79EFBC}") = "Task_39", "Task_39\Task_39.csproj", "{1C5A9194-9296-47AB-BED8-C6ECB41C6AA5}"
EndProject
Global
	GlobalSection(SolutionConfigurationPlatforms) = preSolution
		Debug|Any CPU = Debug|Any CPU
		Release|Any CPU = Release|Any CPU
	EndGlobalSection
	GlobalSection(ProjectConfigurationPlatforms) = postSolution
		{1C5A9194-9296-47AB-BED8-C6ECB41C6AA5}.Debug|Any CPU.ActiveCfg = Debug|Any CPU
		{1C5A9194-9296-47AB-BED8-C6ECB41C6AA5}.Debug|Any CPU.Build.0 = Debug|Any CPU
		{1C5A9194-9296-47AB-BED8-C6ECB41C6AA5}.Release|Any CPU.ActiveCfg = Release|Any CPU
		{1C5A9194-9296-47AB-BED8-C6ECB41C6AA5}.Release|Any CPU.Build.0 = Release|Any CPU
	EndGlobalSection
	GlobalSection(SolutionProperties) = preSolution
		HideSolutionNode = FALSE
	EndGlobalSection
	GlobalSection(ExtensibilityGlobals) = postSolution
		SolutionGuid = {EDB9BCF1-F934-4931-93D6-D34C375E11FF}
	EndGlobalSection
EndGlobal
