
Microsoft Visual Studio Solution File, Format Version 12.00
# Visual Studio Version 16
VisualStudioVersion = 16.0.31729.503
MinimumVisualStudioVersion = 10.0.40219.1
Project("{FAE04EC0-301F-11D3-BF4B-00C04F79EFBC}") = "Task_3", "Task_3\Task_3.csproj", "{F2C214C2-8ED1-4B7E-80A5-69B495DFB26F}"
EndProject
Global
	GlobalSection(SolutionConfigurationPlatforms) = preSolution
		Debug|Any CPU = Debug|Any CPU
		Release|Any CPU = Release|Any CPU
	EndGlobalSection
	GlobalSection(ProjectConfigurationPlatforms) = postSolution
		{F2C214C2-8ED1-4B7E-80A5-69B495DFB26F}.Debug|Any CPU.ActiveCfg = Debug|Any CPU
		{F2C214C2-8ED1-4B7E-80A5-69B495DFB26F}.Debug|Any CPU.Build.0 = Debug|Any CPU
		{F2C214C2-8ED1-4B7E-80A5-69B495DFB26F}.Release|Any CPU.ActiveCfg = Release|Any CPU
		{F2C214C2-8ED1-4B7E-80A5-69B495DFB26F}.Release|Any CPU.Build.0 = Release|Any CPU
	EndGlobalSection
	GlobalSection(SolutionProperties) = preSolution
		HideSolutionNode = FALSE
	EndGlobalSection
	GlobalSection(ExtensibilityGlobals) = postSolution
		SolutionGuid = {D115FBB4-8111-4D16-BF82-DFFA2C0B7E8B}
	EndGlobalSection
EndGlobal
