
Microsoft Visual Studio Solution File, Format Version 12.00
# Visual Studio Version 16
VisualStudioVersion = 16.0.31729.503
MinimumVisualStudioVersion = 10.0.40219.1
Project("{F2A71F9B-5D33-465A-A702-920D77279786}") = "Task_67", "Task_67\Task_67.fsproj", "{19E6EC18-3802-4CF4-B718-884A588E9044}"
EndProject
Global
	GlobalSection(SolutionConfigurationPlatforms) = preSolution
		Debug|Any CPU = Debug|Any CPU
		Release|Any CPU = Release|Any CPU
	EndGlobalSection
	GlobalSection(ProjectConfigurationPlatforms) = postSolution
		{19E6EC18-3802-4CF4-B718-884A588E9044}.Debug|Any CPU.ActiveCfg = Debug|Any CPU
		{19E6EC18-3802-4CF4-B718-884A588E9044}.Debug|Any CPU.Build.0 = Debug|Any CPU
		{19E6EC18-3802-4CF4-B718-884A588E9044}.Release|Any CPU.ActiveCfg = Release|Any CPU
		{19E6EC18-3802-4CF4-B718-884A588E9044}.Release|Any CPU.Build.0 = Release|Any CPU
	EndGlobalSection
	GlobalSection(SolutionProperties) = preSolution
		HideSolutionNode = FALSE
	EndGlobalSection
	GlobalSection(ExtensibilityGlobals) = postSolution
		SolutionGuid = {CA0E4E77-3EF7-4E93-AAB0-410612FC7C6D}
	EndGlobalSection
EndGlobal
