
Microsoft Visual Studio Solution File, Format Version 12.00
# Visual Studio Version 16
VisualStudioVersion = 16.0.31729.503
MinimumVisualStudioVersion = 10.0.40219.1
Project("{F2A71F9B-5D33-465A-A702-920D77279786}") = "Task_27", "Task_27\Task_27.fsproj", "{232FB9A8-8D85-4812-9FCC-237A5D5F7A5C}"
EndProject
Global
	GlobalSection(SolutionConfigurationPlatforms) = preSolution
		Debug|Any CPU = Debug|Any CPU
		Release|Any CPU = Release|Any CPU
	EndGlobalSection
	GlobalSection(ProjectConfigurationPlatforms) = postSolution
		{232FB9A8-8D85-4812-9FCC-237A5D5F7A5C}.Debug|Any CPU.ActiveCfg = Debug|Any CPU
		{232FB9A8-8D85-4812-9FCC-237A5D5F7A5C}.Debug|Any CPU.Build.0 = Debug|Any CPU
		{232FB9A8-8D85-4812-9FCC-237A5D5F7A5C}.Release|Any CPU.ActiveCfg = Release|Any CPU
		{232FB9A8-8D85-4812-9FCC-237A5D5F7A5C}.Release|Any CPU.Build.0 = Release|Any CPU
	EndGlobalSection
	GlobalSection(SolutionProperties) = preSolution
		HideSolutionNode = FALSE
	EndGlobalSection
	GlobalSection(ExtensibilityGlobals) = postSolution
		SolutionGuid = {01162A10-024D-4083-8B9A-32ACED9605D7}
	EndGlobalSection
EndGlobal
