
Microsoft Visual Studio Solution File, Format Version 12.00
# Visual Studio Version 16
VisualStudioVersion = 16.0.31729.503
MinimumVisualStudioVersion = 10.0.40219.1
Project("{FAE04EC0-301F-11D3-BF4B-00C04F79EFBC}") = "Task_17", "Task_17\Task_17.csproj", "{36332A4E-BBE1-4697-B746-A596CECD44DB}"
EndProject
Global
	GlobalSection(SolutionConfigurationPlatforms) = preSolution
		Debug|Any CPU = Debug|Any CPU
		Release|Any CPU = Release|Any CPU
	EndGlobalSection
	GlobalSection(ProjectConfigurationPlatforms) = postSolution
		{36332A4E-BBE1-4697-B746-A596CECD44DB}.Debug|Any CPU.ActiveCfg = Debug|Any CPU
		{36332A4E-BBE1-4697-B746-A596CECD44DB}.Debug|Any CPU.Build.0 = Debug|Any CPU
		{36332A4E-BBE1-4697-B746-A596CECD44DB}.Release|Any CPU.ActiveCfg = Release|Any CPU
		{36332A4E-BBE1-4697-B746-A596CECD44DB}.Release|Any CPU.Build.0 = Release|Any CPU
	EndGlobalSection
	GlobalSection(SolutionProperties) = preSolution
		HideSolutionNode = FALSE
	EndGlobalSection
	GlobalSection(ExtensibilityGlobals) = postSolution
		SolutionGuid = {636D87B0-383E-4690-949F-40449579475D}
	EndGlobalSection
EndGlobal
