
Microsoft Visual Studio Solution File, Format Version 12.00
# Visual Studio Version 16
VisualStudioVersion = 16.0.31729.503
MinimumVisualStudioVersion = 10.0.40219.1
Project("{F2A71F9B-5D33-465A-A702-920D77279786}") = "Task_11", "Task_11\Task_11.fsproj", "{DD988F3A-06DD-4C6B-9DF7-64B1E91E6F27}"
EndProject
Global
	GlobalSection(SolutionConfigurationPlatforms) = preSolution
		Debug|Any CPU = Debug|Any CPU
		Release|Any CPU = Release|Any CPU
	EndGlobalSection
	GlobalSection(ProjectConfigurationPlatforms) = postSolution
		{DD988F3A-06DD-4C6B-9DF7-64B1E91E6F27}.Debug|Any CPU.ActiveCfg = Debug|Any CPU
		{DD988F3A-06DD-4C6B-9DF7-64B1E91E6F27}.Debug|Any CPU.Build.0 = Debug|Any CPU
		{DD988F3A-06DD-4C6B-9DF7-64B1E91E6F27}.Release|Any CPU.ActiveCfg = Release|Any CPU
		{DD988F3A-06DD-4C6B-9DF7-64B1E91E6F27}.Release|Any CPU.Build.0 = Release|Any CPU
	EndGlobalSection
	GlobalSection(SolutionProperties) = preSolution
		HideSolutionNode = FALSE
	EndGlobalSection
	GlobalSection(ExtensibilityGlobals) = postSolution
		SolutionGuid = {6F400703-7327-43CC-A5CB-E49FAED42F44}
	EndGlobalSection
EndGlobal
