
Microsoft Visual Studio Solution File, Format Version 12.00
# Visual Studio Version 16
VisualStudioVersion = 16.0.31729.503
MinimumVisualStudioVersion = 10.0.40219.1
Project("{F2A71F9B-5D33-465A-A702-920D77279786}") = "Task_5", "Task_5\Task_5.fsproj", "{D2291D5B-C637-4AC3-B431-C3513C36926F}"
EndProject
Global
	GlobalSection(SolutionConfigurationPlatforms) = preSolution
		Debug|Any CPU = Debug|Any CPU
		Release|Any CPU = Release|Any CPU
	EndGlobalSection
	GlobalSection(ProjectConfigurationPlatforms) = postSolution
		{D2291D5B-C637-4AC3-B431-C3513C36926F}.Debug|Any CPU.ActiveCfg = Debug|Any CPU
		{D2291D5B-C637-4AC3-B431-C3513C36926F}.Debug|Any CPU.Build.0 = Debug|Any CPU
		{D2291D5B-C637-4AC3-B431-C3513C36926F}.Release|Any CPU.ActiveCfg = Release|Any CPU
		{D2291D5B-C637-4AC3-B431-C3513C36926F}.Release|Any CPU.Build.0 = Release|Any CPU
	EndGlobalSection
	GlobalSection(SolutionProperties) = preSolution
		HideSolutionNode = FALSE
	EndGlobalSection
	GlobalSection(ExtensibilityGlobals) = postSolution
		SolutionGuid = {60733E37-4117-45E1-A532-33855E11A4C6}
	EndGlobalSection
EndGlobal
