
Microsoft Visual Studio Solution File, Format Version 12.00
# Visual Studio Version 16
VisualStudioVersion = 16.0.31729.503
MinimumVisualStudioVersion = 10.0.40219.1
Project("{F2A71F9B-5D33-465A-A702-920D77279786}") = "Task_99", "Task_99\Task_99.fsproj", "{A5B7500A-7534-4433-9597-CBB350118A1E}"
EndProject
Global
	GlobalSection(SolutionConfigurationPlatforms) = preSolution
		Debug|Any CPU = Debug|Any CPU
		Release|Any CPU = Release|Any CPU
	EndGlobalSection
	GlobalSection(ProjectConfigurationPlatforms) = postSolution
		{A5B7500A-7534-4433-9597-CBB350118A1E}.Debug|Any CPU.ActiveCfg = Debug|Any CPU
		{A5B7500A-7534-4433-9597-CBB350118A1E}.Debug|Any CPU.Build.0 = Debug|Any CPU
		{A5B7500A-7534-4433-9597-CBB350118A1E}.Release|Any CPU.ActiveCfg = Release|Any CPU
		{A5B7500A-7534-4433-9597-CBB350118A1E}.Release|Any CPU.Build.0 = Release|Any CPU
	EndGlobalSection
	GlobalSection(SolutionProperties) = preSolution
		HideSolutionNode = FALSE
	EndGlobalSection
	GlobalSection(ExtensibilityGlobals) = postSolution
		SolutionGuid = {FBC92CAD-017B-40B4-AD39-0F88D67F612F}
	EndGlobalSection
EndGlobal
