
Microsoft Visual Studio Solution File, Format Version 12.00
# Visual Studio Version 16
VisualStudioVersion = 16.0.31729.503
MinimumVisualStudioVersion = 10.0.40219.1
Project("{F2A71F9B-5D33-465A-A702-920D77279786}") = "Task_39", "Task_39\Task_39.fsproj", "{940A094A-755A-4409-AF38-A495C1D0725A}"
EndProject
Global
	GlobalSection(SolutionConfigurationPlatforms) = preSolution
		Debug|Any CPU = Debug|Any CPU
		Release|Any CPU = Release|Any CPU
	EndGlobalSection
	GlobalSection(ProjectConfigurationPlatforms) = postSolution
		{940A094A-755A-4409-AF38-A495C1D0725A}.Debug|Any CPU.ActiveCfg = Debug|Any CPU
		{940A094A-755A-4409-AF38-A495C1D0725A}.Debug|Any CPU.Build.0 = Debug|Any CPU
		{940A094A-755A-4409-AF38-A495C1D0725A}.Release|Any CPU.ActiveCfg = Release|Any CPU
		{940A094A-755A-4409-AF38-A495C1D0725A}.Release|Any CPU.Build.0 = Release|Any CPU
	EndGlobalSection
	GlobalSection(SolutionProperties) = preSolution
		HideSolutionNode = FALSE
	EndGlobalSection
	GlobalSection(ExtensibilityGlobals) = postSolution
		SolutionGuid = {847FB2B4-1E18-488C-A2BA-DB9E1D79F01A}
	EndGlobalSection
EndGlobal
