
Microsoft Visual Studio Solution File, Format Version 12.00
# Visual Studio Version 16
VisualStudioVersion = 16.0.31729.503
MinimumVisualStudioVersion = 10.0.40219.1
Project("{F2A71F9B-5D33-465A-A702-920D77279786}") = "Task_42", "Task_42\Task_42.fsproj", "{B19AEC7E-F671-4F2E-957D-9347FB91458E}"
EndProject
Global
	GlobalSection(SolutionConfigurationPlatforms) = preSolution
		Debug|Any CPU = Debug|Any CPU
		Release|Any CPU = Release|Any CPU
	EndGlobalSection
	GlobalSection(ProjectConfigurationPlatforms) = postSolution
		{B19AEC7E-F671-4F2E-957D-9347FB91458E}.Debug|Any CPU.ActiveCfg = Debug|Any CPU
		{B19AEC7E-F671-4F2E-957D-9347FB91458E}.Debug|Any CPU.Build.0 = Debug|Any CPU
		{B19AEC7E-F671-4F2E-957D-9347FB91458E}.Release|Any CPU.ActiveCfg = Release|Any CPU
		{B19AEC7E-F671-4F2E-957D-9347FB91458E}.Release|Any CPU.Build.0 = Release|Any CPU
	EndGlobalSection
	GlobalSection(SolutionProperties) = preSolution
		HideSolutionNode = FALSE
	EndGlobalSection
	GlobalSection(ExtensibilityGlobals) = postSolution
		SolutionGuid = {F04CB3DE-B84F-4C50-B679-C59DD8768E9D}
	EndGlobalSection
EndGlobal
