
Microsoft Visual Studio Solution File, Format Version 12.00
# Visual Studio Version 16
VisualStudioVersion = 16.0.31729.503
MinimumVisualStudioVersion = 10.0.40219.1
Project("{F2A71F9B-5D33-465A-A702-920D77279786}") = "Task_24", "Task_24\Task_24.fsproj", "{764BCB2D-3746-4905-88C0-60DB37651304}"
EndProject
Global
	GlobalSection(SolutionConfigurationPlatforms) = preSolution
		Debug|Any CPU = Debug|Any CPU
		Release|Any CPU = Release|Any CPU
	EndGlobalSection
	GlobalSection(ProjectConfigurationPlatforms) = postSolution
		{764BCB2D-3746-4905-88C0-60DB37651304}.Debug|Any CPU.ActiveCfg = Debug|Any CPU
		{764BCB2D-3746-4905-88C0-60DB37651304}.Debug|Any CPU.Build.0 = Debug|Any CPU
		{764BCB2D-3746-4905-88C0-60DB37651304}.Release|Any CPU.ActiveCfg = Release|Any CPU
		{764BCB2D-3746-4905-88C0-60DB37651304}.Release|Any CPU.Build.0 = Release|Any CPU
	EndGlobalSection
	GlobalSection(SolutionProperties) = preSolution
		HideSolutionNode = FALSE
	EndGlobalSection
	GlobalSection(ExtensibilityGlobals) = postSolution
		SolutionGuid = {457C468A-07F7-4967-A279-29FA80778FE8}
	EndGlobalSection
EndGlobal
