
Microsoft Visual Studio Solution File, Format Version 12.00
# Visual Studio Version 16
VisualStudioVersion = 16.0.31729.503
MinimumVisualStudioVersion = 10.0.40219.1
Project("{F2A71F9B-5D33-465A-A702-920D77279786}") = "Task_49", "Task_49\Task_49.fsproj", "{F98021CC-FDD9-42C1-AD07-9C119A00787F}"
EndProject
Global
	GlobalSection(SolutionConfigurationPlatforms) = preSolution
		Debug|Any CPU = Debug|Any CPU
		Release|Any CPU = Release|Any CPU
	EndGlobalSection
	GlobalSection(ProjectConfigurationPlatforms) = postSolution
		{F98021CC-FDD9-42C1-AD07-9C119A00787F}.Debug|Any CPU.ActiveCfg = Debug|Any CPU
		{F98021CC-FDD9-42C1-AD07-9C119A00787F}.Debug|Any CPU.Build.0 = Debug|Any CPU
		{F98021CC-FDD9-42C1-AD07-9C119A00787F}.Release|Any CPU.ActiveCfg = Release|Any CPU
		{F98021CC-FDD9-42C1-AD07-9C119A00787F}.Release|Any CPU.Build.0 = Release|Any CPU
	EndGlobalSection
	GlobalSection(SolutionProperties) = preSolution
		HideSolutionNode = FALSE
	EndGlobalSection
	GlobalSection(ExtensibilityGlobals) = postSolution
		SolutionGuid = {9B740A76-CA30-4D27-BCA6-3DE91621BE7E}
	EndGlobalSection
EndGlobal
