
Microsoft Visual Studio Solution File, Format Version 12.00
# Visual Studio Version 16
VisualStudioVersion = 16.0.31729.503
MinimumVisualStudioVersion = 10.0.40219.1
Project("{F2A71F9B-5D33-465A-A702-920D77279786}") = "Task_1", "Task_1\Task_1.fsproj", "{169067BA-B8FE-46F0-A459-A1E13BA8EB46}"
EndProject
Global
	GlobalSection(SolutionConfigurationPlatforms) = preSolution
		Debug|Any CPU = Debug|Any CPU
		Release|Any CPU = Release|Any CPU
	EndGlobalSection
	GlobalSection(ProjectConfigurationPlatforms) = postSolution
		{169067BA-B8FE-46F0-A459-A1E13BA8EB46}.Debug|Any CPU.ActiveCfg = Debug|Any CPU
		{169067BA-B8FE-46F0-A459-A1E13BA8EB46}.Debug|Any CPU.Build.0 = Debug|Any CPU
		{169067BA-B8FE-46F0-A459-A1E13BA8EB46}.Release|Any CPU.ActiveCfg = Release|Any CPU
		{169067BA-B8FE-46F0-A459-A1E13BA8EB46}.Release|Any CPU.Build.0 = Release|Any CPU
	EndGlobalSection
	GlobalSection(SolutionProperties) = preSolution
		HideSolutionNode = FALSE
	EndGlobalSection
	GlobalSection(ExtensibilityGlobals) = postSolution
		SolutionGuid = {4A2C8297-F1DC-4176-B843-E51F7EC5D69A}
	EndGlobalSection
EndGlobal
