
Microsoft Visual Studio Solution File, Format Version 12.00
# Visual Studio Version 16
VisualStudioVersion = 16.0.31729.503
MinimumVisualStudioVersion = 10.0.40219.1
Project("{F2A71F9B-5D33-465A-A702-920D77279786}") = "Task_17", "Task_17\Task_17.fsproj", "{66A30384-2102-4BD5-9EC4-941FA77938D0}"
EndProject
Global
	GlobalSection(SolutionConfigurationPlatforms) = preSolution
		Debug|Any CPU = Debug|Any CPU
		Release|Any CPU = Release|Any CPU
	EndGlobalSection
	GlobalSection(ProjectConfigurationPlatforms) = postSolution
		{66A30384-2102-4BD5-9EC4-941FA77938D0}.Debug|Any CPU.ActiveCfg = Debug|Any CPU
		{66A30384-2102-4BD5-9EC4-941FA77938D0}.Debug|Any CPU.Build.0 = Debug|Any CPU
		{66A30384-2102-4BD5-9EC4-941FA77938D0}.Release|Any CPU.ActiveCfg = Release|Any CPU
		{66A30384-2102-4BD5-9EC4-941FA77938D0}.Release|Any CPU.Build.0 = Release|Any CPU
	EndGlobalSection
	GlobalSection(SolutionProperties) = preSolution
		HideSolutionNode = FALSE
	EndGlobalSection
	GlobalSection(ExtensibilityGlobals) = postSolution
		SolutionGuid = {910BCA0D-66F1-42A2-91B7-B263956E3FEF}
	EndGlobalSection
EndGlobal
