
Microsoft Visual Studio Solution File, Format Version 12.00
# Visual Studio Version 16
VisualStudioVersion = 16.0.31729.503
MinimumVisualStudioVersion = 10.0.40219.1
Project("{FAE04EC0-301F-11D3-BF4B-00C04F79EFBC}") = "Task_45", "Task_45\Task_45.csproj", "{CEBE03EC-6B96-4607-8293-BE410E88F6AD}"
EndProject
Global
	GlobalSection(SolutionConfigurationPlatforms) = preSolution
		Debug|Any CPU = Debug|Any CPU
		Release|Any CPU = Release|Any CPU
	EndGlobalSection
	GlobalSection(ProjectConfigurationPlatforms) = postSolution
		{CEBE03EC-6B96-4607-8293-BE410E88F6AD}.Debug|Any CPU.ActiveCfg = Debug|Any CPU
		{CEBE03EC-6B96-4607-8293-BE410E88F6AD}.Debug|Any CPU.Build.0 = Debug|Any CPU
		{CEBE03EC-6B96-4607-8293-BE410E88F6AD}.Release|Any CPU.ActiveCfg = Release|Any CPU
		{CEBE03EC-6B96-4607-8293-BE410E88F6AD}.Release|Any CPU.Build.0 = Release|Any CPU
	EndGlobalSection
	GlobalSection(SolutionProperties) = preSolution
		HideSolutionNode = FALSE
	EndGlobalSection
	GlobalSection(ExtensibilityGlobals) = postSolution
		SolutionGuid = {486DD2E5-C0C7-4C73-9F8E-74EDDAEB488E}
	EndGlobalSection
EndGlobal
