
Microsoft Visual Studio Solution File, Format Version 12.00
# Visual Studio Version 16
VisualStudioVersion = 16.0.31729.503
MinimumVisualStudioVersion = 10.0.40219.1
Project("{F2A71F9B-5D33-465A-A702-920D77279786}") = "Task_79", "Task_79\Task_79.fsproj", "{F6F32E91-5CD1-48A4-A3F2-ED753ED9BC89}"
EndProject
Global
	GlobalSection(SolutionConfigurationPlatforms) = preSolution
		Debug|Any CPU = Debug|Any CPU
		Release|Any CPU = Release|Any CPU
	EndGlobalSection
	GlobalSection(ProjectConfigurationPlatforms) = postSolution
		{F6F32E91-5CD1-48A4-A3F2-ED753ED9BC89}.Debug|Any CPU.ActiveCfg = Debug|Any CPU
		{F6F32E91-5CD1-48A4-A3F2-ED753ED9BC89}.Debug|Any CPU.Build.0 = Debug|Any CPU
		{F6F32E91-5CD1-48A4-A3F2-ED753ED9BC89}.Release|Any CPU.ActiveCfg = Release|Any CPU
		{F6F32E91-5CD1-48A4-A3F2-ED753ED9BC89}.Release|Any CPU.Build.0 = Release|Any CPU
	EndGlobalSection
	GlobalSection(SolutionProperties) = preSolution
		HideSolutionNode = FALSE
	EndGlobalSection
	GlobalSection(ExtensibilityGlobals) = postSolution
		SolutionGuid = {74D54E05-1E93-45D0-AA47-A0C838E0840E}
	EndGlobalSection
EndGlobal
