
Microsoft Visual Studio Solution File, Format Version 12.00
# Visual Studio Version 16
VisualStudioVersion = 16.0.31605.320
MinimumVisualStudioVersion = 10.0.40219.1
Project("{FAE04EC0-301F-11D3-BF4B-00C04F79EFBC}") = "Rot13", "Rot13\Rot13.csproj", "{F357B8CA-2A00-4A2A-A275-B36910366856}"
EndProject
Global
	GlobalSection(SolutionConfigurationPlatforms) = preSolution
		Debug|Any CPU = Debug|Any CPU
		Release|Any CPU = Release|Any CPU
	EndGlobalSection
	GlobalSection(ProjectConfigurationPlatforms) = postSolution
		{F357B8CA-2A00-4A2A-A275-B36910366856}.Debug|Any CPU.ActiveCfg = Debug|Any CPU
		{F357B8CA-2A00-4A2A-A275-B36910366856}.Debug|Any CPU.Build.0 = Debug|Any CPU
		{F357B8CA-2A00-4A2A-A275-B36910366856}.Release|Any CPU.ActiveCfg = Release|Any CPU
		{F357B8CA-2A00-4A2A-A275-B36910366856}.Release|Any CPU.Build.0 = Release|Any CPU
	EndGlobalSection
	GlobalSection(SolutionProperties) = preSolution
		HideSolutionNode = FALSE
	EndGlobalSection
	GlobalSection(ExtensibilityGlobals) = postSolution
		SolutionGuid = {3B8972D4-9EAF-43F5-8461-3ACAD52A4994}
	EndGlobalSection
EndGlobal
