
Microsoft Visual Studio Solution File, Format Version 12.00
# Visual Studio Version 16
VisualStudioVersion = 16.0.31729.503
MinimumVisualStudioVersion = 10.0.40219.1
Project("{F2A71F9B-5D33-465A-A702-920D77279786}") = "Task_45", "Task_45\Task_45.fsproj", "{3554BAF5-F890-42D6-A894-2766AE140ABF}"
EndProject
Global
	GlobalSection(SolutionConfigurationPlatforms) = preSolution
		Debug|Any CPU = Debug|Any CPU
		Release|Any CPU = Release|Any CPU
	EndGlobalSection
	GlobalSection(ProjectConfigurationPlatforms) = postSolution
		{3554BAF5-F890-42D6-A894-2766AE140ABF}.Debug|Any CPU.ActiveCfg = Debug|Any CPU
		{3554BAF5-F890-42D6-A894-2766AE140ABF}.Debug|Any CPU.Build.0 = Debug|Any CPU
		{3554BAF5-F890-42D6-A894-2766AE140ABF}.Release|Any CPU.ActiveCfg = Release|Any CPU
		{3554BAF5-F890-42D6-A894-2766AE140ABF}.Release|Any CPU.Build.0 = Release|Any CPU
	EndGlobalSection
	GlobalSection(SolutionProperties) = preSolution
		HideSolutionNode = FALSE
	EndGlobalSection
	GlobalSection(ExtensibilityGlobals) = postSolution
		SolutionGuid = {5BFD392C-2527-419A-A37D-ECAD2EBC8D93}
	EndGlobalSection
EndGlobal
