
Microsoft Visual Studio Solution File, Format Version 12.00
# Visual Studio Version 16
VisualStudioVersion = 16.0.31729.503
MinimumVisualStudioVersion = 10.0.40219.1
Project("{FAE04EC0-301F-11D3-BF4B-00C04F79EFBC}") = "Task_37", "Task_37\Task_37.csproj", "{748675C3-FB37-408A-8426-6E7958052298}"
EndProject
Global
	GlobalSection(SolutionConfigurationPlatforms) = preSolution
		Debug|Any CPU = Debug|Any CPU
		Release|Any CPU = Release|Any CPU
	EndGlobalSection
	GlobalSection(ProjectConfigurationPlatforms) = postSolution
		{748675C3-FB37-408A-8426-6E7958052298}.Debug|Any CPU.ActiveCfg = Debug|Any CPU
		{748675C3-FB37-408A-8426-6E7958052298}.Debug|Any CPU.Build.0 = Debug|Any CPU
		{748675C3-FB37-408A-8426-6E7958052298}.Release|Any CPU.ActiveCfg = Release|Any CPU
		{748675C3-FB37-408A-8426-6E7958052298}.Release|Any CPU.Build.0 = Release|Any CPU
	EndGlobalSection
	GlobalSection(SolutionProperties) = preSolution
		HideSolutionNode = FALSE
	EndGlobalSection
	GlobalSection(ExtensibilityGlobals) = postSolution
		SolutionGuid = {1EB65494-E1FA-4A41-9227-46AB238CEEB3}
	EndGlobalSection
EndGlobal
