
Microsoft Visual Studio Solution File, Format Version 12.00
# Visual Studio Version 16
VisualStudioVersion = 16.0.31729.503
MinimumVisualStudioVersion = 10.0.40219.1
Project("{FAE04EC0-301F-11D3-BF4B-00C04F79EFBC}") = "Task_40", "Task_40\Task_40.csproj", "{8B0DD204-0D0C-47BD-A596-EC75EBE61B93}"
EndProject
Global
	GlobalSection(SolutionConfigurationPlatforms) = preSolution
		Debug|Any CPU = Debug|Any CPU
		Release|Any CPU = Release|Any CPU
	EndGlobalSection
	GlobalSection(ProjectConfigurationPlatforms) = postSolution
		{8B0DD204-0D0C-47BD-A596-EC75EBE61B93}.Debug|Any CPU.ActiveCfg = Debug|Any CPU
		{8B0DD204-0D0C-47BD-A596-EC75EBE61B93}.Debug|Any CPU.Build.0 = Debug|Any CPU
		{8B0DD204-0D0C-47BD-A596-EC75EBE61B93}.Release|Any CPU.ActiveCfg = Release|Any CPU
		{8B0DD204-0D0C-47BD-A596-EC75EBE61B93}.Release|Any CPU.Build.0 = Release|Any CPU
	EndGlobalSection
	GlobalSection(SolutionProperties) = preSolution
		HideSolutionNode = FALSE
	EndGlobalSection
	GlobalSection(ExtensibilityGlobals) = postSolution
		SolutionGuid = {D4CE691F-82CC-4EC7-928C-BD6D92FB441B}
	EndGlobalSection
EndGlobal
